// !$*UTF8*$!
{
	archiveVersion = 1;
	classes = {
	};
	objectVersion = 50;
	objects = {

/* Begin PBXBuildFile section */
		8CA4216D24F6CA5500E76566 /* AppDelegate.swift in Sources */ = {isa = PBXBuildFile; fileRef = 8CA4216C24F6CA5500E76566 /* AppDelegate.swift */; };
		8CA4216F24F6CA5500E76566 /* SceneDelegate.swift in Sources */ = {isa = PBXBuildFile; fileRef = 8CA4216E24F6CA5500E76566 /* SceneDelegate.swift */; };
		8CA4217124F6CA5500E76566 /* ViewController.swift in Sources */ = {isa = PBXBuildFile; fileRef = 8CA4217024F6CA5500E76566 /* ViewController.swift */; };
		8CA4217424F6CA5500E76566 /* Main.storyboard in Resources */ = {isa = PBXBuildFile; fileRef = 8CA4217224F6CA5500E76566 /* Main.storyboard */; };
		8CA4217624F6CA5C00E76566 /* Assets.xcassets in Resources */ = {isa = PBXBuildFile; fileRef = 8CA4217524F6CA5C00E76566 /* Assets.xcassets */; };
		8CA4217924F6CA5C00E76566 /* LaunchScreen.storyboard in Resources */ = {isa = PBXBuildFile; fileRef = 8CA4217724F6CA5C00E76566 /* LaunchScreen.storyboard */; };
		8CA4218124F6DBF200E76566 /* Constants.swift in Sources */ = {isa = PBXBuildFile; fileRef = 8CA4218024F6DBF200E76566 /* Constants.swift */; };
		8CA4218324F6E07C00E76566 /* Video.swift in Sources */ = {isa = PBXBuildFile; fileRef = 8CA4218224F6E07C00E76566 /* Video.swift */; };
		8CA4218524F6E19800E76566 /* Model.swift in Sources */ = {isa = PBXBuildFile; fileRef = 8CA4218424F6E19800E76566 /* Model.swift */; };
		8CA4218724F7751700E76566 /* Response.swift in Sources */ = {isa = PBXBuildFile; fileRef = 8CA4218624F7751700E76566 /* Response.swift */; };
/* End PBXBuildFile section */

/* Begin PBXFileReference section */
		8CA4216924F6CA5500E76566 /* youtubeapp.app */ = {isa = PBXFileReference; explicitFileType = wrapper.application; includeInIndex = 0; path = youtubeapp.app; sourceTree = BUILT_PRODUCTS_DIR; };
		8CA4216C24F6CA5500E76566 /* AppDelegate.swift */ = {isa = PBXFileReference; lastKnownFileType = sourcecode.swift; path = AppDelegate.swift; sourceTree = "<group>"; };
		8CA4216E24F6CA5500E76566 /* SceneDelegate.swift */ = {isa = PBXFileReference; lastKnownFileType = sourcecode.swift; path = SceneDelegate.swift; sourceTree = "<group>"; };
		8CA4217024F6CA5500E76566 /* ViewController.swift */ = {isa = PBXFileReference; lastKnownFileType = sourcecode.swift; path = ViewController.swift; sourceTree = "<group>"; };
		8CA4217324F6CA5500E76566 /* Base */ = {isa = PBXFileReference; lastKnownFileType = file.storyboard; name = Base; path = Base.lproj/Main.storyboard; sourceTree = "<group>"; };
		8CA4217524F6CA5C00E76566 /* Assets.xcassets */ = {isa = PBXFileReference; lastKnownFileType = folder.assetcatalog; path = Assets.xcassets; sourceTree = "<group>"; };
		8CA4217824F6CA5C00E76566 /* Base */ = {isa = PBXFileReference; lastKnownFileType = file.storyboard; name = Base; path = Base.lproj/LaunchScreen.storyboard; sourceTree = "<group>"; };
		8CA4217A24F6CA5C00E76566 /* Info.plist */ = {isa = PBXFileReference; lastKnownFileType = text.plist.xml; path = Info.plist; sourceTree = "<group>"; };
		8CA4218024F6DBF200E76566 /* Constants.swift */ = {isa = PBXFileReference; lastKnownFileType = sourcecode.swift; path = Constants.swift; sourceTree = "<group>"; };
		8CA4218224F6E07C00E76566 /* Video.swift */ = {isa = PBXFileReference; lastKnownFileType = sourcecode.swift; path = Video.swift; sourceTree = "<group>"; };
		8CA4218424F6E19800E76566 /* Model.swift */ = {isa = PBXFileReference; lastKnownFileType = sourcecode.swift; path = Model.swift; sourceTree = "<group>"; };
		8CA4218624F7751700E76566 /* Response.swift */ = {isa = PBXFileReference; lastKnownFileType = sourcecode.swift; path = Response.swift; sourceTree = "<group>"; };
/* End PBXFileReference section */

/* Begin PBXFrameworksBuildPhase section */
		8CA4216624F6CA5500E76566 /* Frameworks */ = {
			isa = PBXFrameworksBuildPhase;
			buildActionMask = 2147483647;
			files = (
			);
			runOnlyForDeploymentPostprocessing = 0;
		};
/* End PBXFrameworksBuildPhase section */

/* Begin PBXGroup section */
		8CA4216024F6CA5500E76566 = {
			isa = PBXGroup;
			children = (
				8CA4216B24F6CA5500E76566 /* youtubeapp */,
				8CA4216A24F6CA5500E76566 /* Products */,
			);
			sourceTree = "<group>";
		};
		8CA4216A24F6CA5500E76566 /* Products */ = {
			isa = PBXGroup;
			children = (
				8CA4216924F6CA5500E76566 /* youtubeapp.app */,
			);
			name = Products;
			sourceTree = "<group>";
		};
		8CA4216B24F6CA5500E76566 /* youtubeapp */ = {
			isa = PBXGroup;
			children = (
				8CA4216C24F6CA5500E76566 /* AppDelegate.swift */,
				8CA4216E24F6CA5500E76566 /* SceneDelegate.swift */,
				8CA4217024F6CA5500E76566 /* ViewController.swift */,
				8CA4217224F6CA5500E76566 /* Main.storyboard */,
				8CA4217524F6CA5C00E76566 /* Assets.xcassets */,
				8CA4217724F6CA5C00E76566 /* LaunchScreen.storyboard */,
				8CA4217A24F6CA5C00E76566 /* Info.plist */,
				8CA4218024F6DBF200E76566 /* Constants.swift */,
				8CA4218224F6E07C00E76566 /* Video.swift */,
				8CA4218424F6E19800E76566 /* Model.swift */,
				8CA4218624F7751700E76566 /* Response.swift */,
			);
			path = youtubeapp;
			sourceTree = "<group>";
		};
/* End PBXGroup section */

/* Begin PBXNativeTarget section */
		8CA4216824F6CA5500E76566 /* youtubeapp */ = {
			isa = PBXNativeTarget;
			buildConfigurationList = 8CA4217D24F6CA5C00E76566 /* Build configuration list for PBXNativeTarget "youtubeapp" */;
			buildPhases = (
				8CA4216524F6CA5500E76566 /* Sources */,
				8CA4216624F6CA5500E76566 /* Frameworks */,
				8CA4216724F6CA5500E76566 /* Resources */,
			);
			buildRules = (
			);
			dependencies = (
			);
			name = youtubeapp;
			productName = youtubeapp;
			productReference = 8CA4216924F6CA5500E76566 /* youtubeapp.app */;
			productType = "com.apple.product-type.application";
		};
/* End PBXNativeTarget section */

/* Begin PBXProject section */
		8CA4216124F6CA5500E76566 /* Project object */ = {
			isa = PBXProject;
			attributes = {
				LastSwiftUpdateCheck = 1160;
				LastUpgradeCheck = 1160;
				ORGANIZATIONNAME = "Anthony  Garcia";
				TargetAttributes = {
					8CA4216824F6CA5500E76566 = {
						CreatedOnToolsVersion = 11.6;
					};
				};
			};
			buildConfigurationList = 8CA4216424F6CA5500E76566 /* Build configuration list for PBXProject "youtubeapp" */;
			compatibilityVersion = "Xcode 9.3";
			developmentRegion = en;
			hasScannedForEncodings = 0;
			knownRegions = (
				en,
				Base,
			);
			mainGroup = 8CA4216024F6CA5500E76566;
			productRefGroup = 8CA4216A24F6CA5500E76566 /* Products */;
			projectDirPath = "";
			projectRoot = "";
			targets = (
				8CA4216824F6CA5500E76566 /* youtubeapp */,
			);
		};
/* End PBXProject section */

/* Begin PBXResourcesBuildPhase section */
		8CA4216724F6CA5500E76566 /* Resources */ = {
			isa = PBXResourcesBuildPhase;
			buildActionMask = 2147483647;
			files = (
				8CA4217924F6CA5C00E76566 /* LaunchScreen.storyboard in Resources */,
				8CA4217624F6CA5C00E76566 /* Assets.xcassets in Resources */,
				8CA4217424F6CA5500E76566 /* Main.storyboard in Resources */,
			);
			runOnlyForDeploymentPostprocessing = 0;
		};
/* End PBXResourcesBuildPhase section */

/* Begin PBXSourcesBuildPhase section */
		8CA4216524F6CA5500E76566 /* Sources */ = {
			isa = PBXSourcesBuildPhase;
			buildActionMask = 2147483647;
			files = (
				8CA4217124F6CA5500E76566 /* ViewController.swift in Sources */,
				8CA4216D24F6CA5500E76566 /* AppDelegate.swift in Sources */,
				8CA4216F24F6CA5500E76566 /* SceneDelegate.swift in Sources */,
				8CA4218524F6E19800E76566 /* Model.swift in Sources */,
				8CA4218124F6DBF200E76566 /* Constants.swift in Sources */,
				8CA4218324F6E07C00E76566 /* Video.swift in Sources */,
				8CA4218724F7751700E76566 /* Response.swift in Sources */,
			);
			runOnlyForDeploymentPostprocessing = 0;
		};
/* End PBXSourcesBuildPhase section */

/* Begin PBXVariantGroup section */
		8CA4217224F6CA5500E76566 /* Main.storyboard */ = {
			isa = PBXVariantGroup;
			children = (
				8CA4217324F6CA5500E76566 /* Base */,
			);
			name = Main.storyboard;
			sourceTree = "<group>";
		};
		8CA4217724F6CA5C00E76566 /* LaunchScreen.storyboard */ = {
			isa = PBXVariantGroup;
			children = (
				8CA4217824F6CA5C00E76566 /* Base */,
			);
			name = LaunchScreen.storyboard;
			sourceTree = "<group>";
		};
/* End PBXVariantGroup section */

/* Begin XCBuildConfiguration section */
		8CA4217B24F6CA5C00E76566 /* Debug */ = {
			isa = XCBuildConfiguration;
			buildSettings = {
				ALWAYS_SEARCH_USER_PATHS = NO;
				CLANG_ANALYZER_NONNULL = YES;
				CLANG_ANALYZER_NUMBER_OBJECT_CONVERSION = YES_AGGRESSIVE;
				CLANG_CXX_LANGUAGE_STANDARD = "gnu++14";
				CLANG_CXX_LIBRARY = "libc++";
				CLANG_ENABLE_MODULES = YES;
				CLANG_ENABLE_OBJC_ARC = YES;
				CLANG_ENABLE_OBJC_WEAK = YES;
				CLANG_WARN_BLOCK_CAPTURE_AUTORELEASING = YES;
				CLANG_WARN_BOOL_CONVERSION = YES;
				CLANG_WARN_COMMA = YES;
				CLANG_WARN_CONSTANT_CONVERSION = YES;
				CLANG_WARN_DEPRECATED_OBJC_IMPLEMENTATIONS = YES;
				CLANG_WARN_DIRECT_OBJC_ISA_USAGE = YES_ERROR;
				CLANG_WARN_DOCUMENTATION_COMMENTS = YES;
				CLANG_WARN_EMPTY_BODY = YES;
				CLANG_WARN_ENUM_CONVERSION = YES;
				CLANG_WARN_INFINITE_RECURSION = YES;
				CLANG_WARN_INT_CONVERSION = YES;
				CLANG_WARN_NON_LITERAL_NULL_CONVERSION = YES;
				CLANG_WARN_OBJC_IMPLICIT_RETAIN_SELF = YES;
				CLANG_WARN_OBJC_LITERAL_CONVERSION = YES;
				CLANG_WARN_OBJC_ROOT_CLASS = YES_ERROR;
				CLANG_WARN_RANGE_LOOP_ANALYSIS = YES;
				CLANG_WARN_STRICT_PROTOTYPES = YES;
				CLANG_WARN_SUSPICIOUS_MOVE = YES;
				CLANG_WARN_UNGUARDED_AVAILABILITY = YES_AGGRESSIVE;
				CLANG_WARN_UNREACHABLE_CODE = YES;
				CLANG_WARN__DUPLICATE_METHOD_MATCH = YES;
				COPY_PHASE_STRIP = NO;
				DEBUG_INFORMATION_FORMAT = dwarf;
				ENABLE_STRICT_OBJC_MSGSEND = YES;
				ENABLE_TESTABILITY = YES;
				GCC_C_LANGUAGE_STANDARD = gnu11;
				GCC_DYNAMIC_NO_PIC = NO;
				GCC_NO_COMMON_BLOCKS = YES;
				GCC_OPTIMIZATION_LEVEL = 0;
				GCC_PREPROCESSOR_DEFINITIONS = (
					"DEBUG=1",
					"$(inherited)",
				);
				GCC_WARN_64_TO_32_BIT_CONVERSION = YES;
				GCC_WARN_ABOUT_RETURN_TYPE = YES_ERROR;
				GCC_WARN_UNDECLARED_SELECTOR = YES;
				GCC_WARN_UNINITIALIZED_AUTOS = YES_AGGRESSIVE;
				GCC_WARN_UNUSED_FUNCTION = YES;
				GCC_WARN_UNUSED_VARIABLE = YES;
				IPHONEOS_DEPLOYMENT_TARGET = 13.6;
				MTL_ENABLE_DEBUG_INFO = INCLUDE_SOURCE;
				MTL_FAST_MATH = YES;
				ONLY_ACTIVE_ARCH = YES;
				SDKROOT = iphoneos;
				SWIFT_ACTIVE_COMPILATION_CONDITIONS = DEBUG;
				SWIFT_OPTIMIZATION_LEVEL = "-Onone";
			};
			name = Debug;
		};
		8CA4217C24F6CA5C00E76566 /* Release */ = {
			isa = XCBuildConfiguration;
			buildSettings = {
				ALWAYS_SEARCH_USER_PATHS = NO;
				CLANG_ANALYZER_NONNULL = YES;
				CLANG_ANALYZER_NUMBER_OBJECT_CONVERSION = YES_AGGRESSIVE;
				CLANG_CXX_LANGUAGE_STANDARD = "gnu++14";
				CLANG_CXX_LIBRARY = "libc++";
				CLANG_ENABLE_MODULES = YES;
				CLANG_ENABLE_OBJC_ARC = YES;
				CLANG_ENABLE_OBJC_WEAK = YES;
				CLANG_WARN_BLOCK_CAPTURE_AUTORELEASING = YES;
				CLANG_WARN_BOOL_CONVERSION = YES;
				CLANG_WARN_COMMA = YES;
				CLANG_WARN_CONSTANT_CONVERSION = YES;
				CLANG_WARN_DEPRECATED_OBJC_IMPLEMENTATIONS = YES;
				CLANG_WARN_DIRECT_OBJC_ISA_USAGE = YES_ERROR;
				CLANG_WARN_DOCUMENTATION_COMMENTS = YES;
				CLANG_WARN_EMPTY_BODY = YES;
				CLANG_WARN_ENUM_CONVERSION = YES;
				CLANG_WARN_INFINITE_RECURSION = YES;
				CLANG_WARN_INT_CONVERSION = YES;
				CLANG_WARN_NON_LITERAL_NULL_CONVERSION = YES;
				CLANG_WARN_OBJC_IMPLICIT_RETAIN_SELF = YES;
				CLANG_WARN_OBJC_LITERAL_CONVERSION = YES;
				CLANG_WARN_OBJC_ROOT_CLASS = YES_ERROR;
				CLANG_WARN_RANGE_LOOP_ANALYSIS = YES;
				CLANG_WARN_STRICT_PROTOTYPES = YES;
				CLANG_WARN_SUSPICIOUS_MOVE = YES;
				CLANG_WARN_UNGUARDED_AVAILABILITY = YES_AGGRESSIVE;
				CLANG_WARN_UNREACHABLE_CODE = YES;
				CLANG_WARN__DUPLICATE_METHOD_MATCH = YES;
				COPY_PHASE_STRIP = NO;
				DEBUG_INFORMATION_FORMAT = "dwarf-with-dsym";
				ENABLE_NS_ASSERTIONS = NO;
				ENABLE_STRICT_OBJC_MSGSEND = YES;
				GCC_C_LANGUAGE_STANDARD = gnu11;
				GCC_NO_COMMON_BLOCKS = YES;
				GCC_WARN_64_TO_32_BIT_CONVERSION = YES;
				GCC_WARN_ABOUT_RETURN_TYPE = YES_ERROR;
				GCC_WARN_UNDECLARED_SELECTOR = YES;
				GCC_WARN_UNINITIALIZED_AUTOS = YES_AGGRESSIVE;
				GCC_WARN_UNUSED_FUNCTION = YES;
				GCC_WARN_UNUSED_VARIABLE = YES;
				IPHONEOS_DEPLOYMENT_TARGET = 13.6;
				MTL_ENABLE_DEBUG_INFO = NO;
				MTL_FAST_MATH = YES;
				SDKROOT = iphoneos;
				SWIFT_COMPILATION_MODE = wholemodule;
				SWIFT_OPTIMIZATION_LEVEL = "-O";
				VALIDATE_PRODUCT = YES;
			};
			name = Release;
		};
		8CA4217E24F6CA5C00E76566 /* Debug */ = {
			isa = XCBuildConfiguration;
			buildSettings = {
				ASSETCATALOG_COMPILER_APPICON_NAME = AppIcon;
				CODE_SIGN_STYLE = Automatic;
				DEVELOPMENT_TEAM = 3GJKV79KHS;
				INFOPLIST_FILE = youtubeapp/Info.plist;
				LD_RUNPATH_SEARCH_PATHS = (
					"$(inherited)",
					"@executable_path/Frameworks",
				);
				PRODUCT_BUNDLE_IDENTIFIER = com.AnthonyGarcia.youtubeapp;
				PRODUCT_NAME = "$(TARGET_NAME)";
				SWIFT_VERSION = 5.0;
				TARGETED_DEVICE_FAMILY = "1,2";
			};
			name = Debug;
		};
		8CA4217F24F6CA5C00E76566 /* Release */ = {
			isa = XCBuildConfiguration;
			buildSettings = {
				ASSETCATALOG_COMPILER_APPICON_NAME = AppIcon;
				CODE_SIGN_STYLE = Automatic;
				DEVELOPMENT_TEAM = 3GJKV79KHS;
				INFOPLIST_FILE = youtubeapp/Info.plist;
				LD_RUNPATH_SEARCH_PATHS = (
					"$(inherited)",
					"@executable_path/Frameworks",
				);
				PRODUCT_BUNDLE_IDENTIFIER = com.AnthonyGarcia.youtubeapp;
				PRODUCT_NAME = "$(TARGET_NAME)";
				SWIFT_VERSION = 5.0;
				TARGETED_DEVICE_FAMILY = "1,2";
			};
			name = Release;
		};
/* End XCBuildConfiguration section */

/* Begin XCConfigurationList section */
		8CA4216424F6CA5500E76566 /* Build configuration list for PBXProject "youtubeapp" */ = {
			isa = XCConfigurationList;
			buildConfigurations = (
				8CA4217B24F6CA5C00E76566 /* Debug */,
				8CA4217C24F6CA5C00E76566 /* Release */,
			);
			defaultConfigurationIsVisible = 0;
			defaultConfigurationName = Release;
		};
		8CA4217D24F6CA5C00E76566 /* Build configuration list for PBXNativeTarget "youtubeapp" */ = {
			isa = XCConfigurationList;
			buildConfigurations = (
				8CA4217E24F6CA5C00E76566 /* Debug */,
				8CA4217F24F6CA5C00E76566 /* Release */,
			);
			defaultConfigurationIsVisible = 0;
			defaultConfigurationName = Release;
		};
/* End XCConfigurationList section */
	};
	rootObject = 8CA4216124F6CA5500E76566 /* Project object */;
}
